
Microsoft Visual Studio Solution File, Format Version 12.00
# Visual Studio Version 17
VisualStudioVersion = 17.2.32616.157
MinimumVisualStudioVersion = 10.0.40219.1
Project("{9A19103F-16F7-4668-BE54-9A1E7A4F7556}") = "SAMHO", "SAMHO.csproj", "{B58661D3-D695-4B75-A2A1-5113DEB319E5}"
EndProject
Global
	GlobalSection(SolutionConfigurationPlatforms) = preSolution
		Debug|Any CPU = Debug|Any CPU
		Release|Any CPU = Release|Any CPU
	EndGlobalSection
	GlobalSection(ProjectConfigurationPlatforms) = postSolution
		{B58661D3-D695-4B75-A2A1-5113DEB319E5}.Debug|Any CPU.ActiveCfg = Debug|Any CPU
		{B58661D3-D695-4B75-A2A1-5113DEB319E5}.Debug|Any CPU.Build.0 = Debug|Any CPU
		{B58661D3-D695-4B75-A2A1-5113DEB319E5}.Release|Any CPU.ActiveCfg = Release|Any CPU
		{B58661D3-D695-4B75-A2A1-5113DEB319E5}.Release|Any CPU.Build.0 = Release|Any CPU
	EndGlobalSection
	GlobalSection(SolutionProperties) = preSolution
		HideSolutionNode = FALSE
	EndGlobalSection
	GlobalSection(ExtensibilityGlobals) = postSolution
		SolutionGuid = {E9CE195E-4C72-4270-9495-073A486D612B}
	EndGlobalSection
EndGlobal
